// !$*UTF8*$!
{
	archiveVersion = 1;
	classes = {
	};
	objectVersion = 50;
	objects = {

/* Begin PBXBuildFile section */
		5C6442E322C1CE1F00EDF4D7 /* main.swift in Sources */ = {isa = PBXBuildFile; fileRef = 5C6442E222C1CE1F00EDF4D7 /* main.swift */; };
		5C6442ED22C1CED100EDF4D7 /* Utils.swift in Sources */ = {isa = PBXBuildFile; fileRef = 5C6442E922C1CED100EDF4D7 /* Utils.swift */; };
		5C6442EE22C1CED100EDF4D7 /* Extensions.swift in Sources */ = {isa = PBXBuildFile; fileRef = 5C6442EA22C1CED100EDF4D7 /* Extensions.swift */; };
		5C6442EF22C1CED100EDF4D7 /* StringReplacer.swift in Sources */ = {isa = PBXBuildFile; fileRef = 5C6442EB22C1CED100EDF4D7 /* StringReplacer.swift */; };
		5C6442F022C1CED100EDF4D7 /* Arguments.swift in Sources */ = {isa = PBXBuildFile; fileRef = 5C6442EC22C1CED100EDF4D7 /* Arguments.swift */; };
/* End PBXBuildFile section */

/* Begin PBXCopyFilesBuildPhase section */
		5C6442DD22C1CE1F00EDF4D7 /* CopyFiles */ = {
			isa = PBXCopyFilesBuildPhase;
			buildActionMask = 2147483647;
			dstPath = /usr/share/man/man1/;
			dstSubfolderSpec = 0;
			files = (
			);
			runOnlyForDeploymentPostprocessing = 1;
		};
/* End PBXCopyFilesBuildPhase section */

/* Begin PBXFileReference section */
		5C6442DF22C1CE1F00EDF4D7 /* SwiftFramework */ = {isa = PBXFileReference; explicitFileType = "compiled.mach-o.executable"; includeInIndex = 0; path = SwiftFramework; sourceTree = BUILT_PRODUCTS_DIR; };
		5C6442E222C1CE1F00EDF4D7 /* main.swift */ = {isa = PBXFileReference; lastKnownFileType = sourcecode.swift; path = main.swift; sourceTree = "<group>"; };
		5C6442E922C1CED100EDF4D7 /* Utils.swift */ = {isa = PBXFileReference; fileEncoding = 4; lastKnownFileType = sourcecode.swift; path = Utils.swift; sourceTree = "<group>"; };
		5C6442EA22C1CED100EDF4D7 /* Extensions.swift */ = {isa = PBXFileReference; fileEncoding = 4; lastKnownFileType = sourcecode.swift; path = Extensions.swift; sourceTree = "<group>"; };
		5C6442EB22C1CED100EDF4D7 /* StringReplacer.swift */ = {isa = PBXFileReference; fileEncoding = 4; lastKnownFileType = sourcecode.swift; path = StringReplacer.swift; sourceTree = "<group>"; };
		5C6442EC22C1CED100EDF4D7 /* Arguments.swift */ = {isa = PBXFileReference; fileEncoding = 4; lastKnownFileType = sourcecode.swift; path = Arguments.swift; sourceTree = "<group>"; };
/* End PBXFileReference section */

/* Begin PBXFrameworksBuildPhase section */
		5C6442DC22C1CE1F00EDF4D7 /* Frameworks */ = {
			isa = PBXFrameworksBuildPhase;
			buildActionMask = 2147483647;
			files = (
			);
			runOnlyForDeploymentPostprocessing = 0;
		};
/* End PBXFrameworksBuildPhase section */

/* Begin PBXGroup section */
		5C6442D622C1CE1E00EDF4D7 = {
			isa = PBXGroup;
			children = (
				5C6442E122C1CE1F00EDF4D7 /* SwiftFramework */,
				5C6442E022C1CE1F00EDF4D7 /* Products */,
			);
			sourceTree = "<group>";
		};
		5C6442E022C1CE1F00EDF4D7 /* Products */ = {
			isa = PBXGroup;
			children = (
				5C6442DF22C1CE1F00EDF4D7 /* SwiftFramework */,
			);
			name = Products;
			sourceTree = "<group>";
		};
		5C6442E122C1CE1F00EDF4D7 /* SwiftFramework */ = {
			isa = PBXGroup;
			children = (
				5C6442EC22C1CED100EDF4D7 /* Arguments.swift */,
				5C6442EA22C1CED100EDF4D7 /* Extensions.swift */,
				5C6442EB22C1CED100EDF4D7 /* StringReplacer.swift */,
				5C6442E922C1CED100EDF4D7 /* Utils.swift */,
				5C6442E222C1CE1F00EDF4D7 /* main.swift */,
			);
			path = SwiftFramework;
			sourceTree = "<group>";
		};
/* End PBXGroup section */

/* Begin PBXNativeTarget section */
		5C6442DE22C1CE1F00EDF4D7 /* SwiftFramework */ = {
			isa = PBXNativeTarget;
			buildConfigurationList = 5C6442E622C1CE1F00EDF4D7 /* Build configuration list for PBXNativeTarget "SwiftFramework" */;
			buildPhases = (
				5C6442DB22C1CE1F00EDF4D7 /* Sources */,
				5C6442DC22C1CE1F00EDF4D7 /* Frameworks */,
				5C6442DD22C1CE1F00EDF4D7 /* CopyFiles */,
			);
			buildRules = (
			);
			dependencies = (
			);
			name = SwiftFramework;
			productName = SwiftFramework;
			productReference = 5C6442DF22C1CE1F00EDF4D7 /* SwiftFramework */;
			productType = "com.apple.product-type.tool";
		};
/* End PBXNativeTarget section */

/* Begin PBXProject section */
		5C6442D722C1CE1E00EDF4D7 /* Project object */ = {
			isa = PBXProject;
			attributes = {
				LastSwiftUpdateCheck = 1020;
				LastUpgradeCheck = 1020;
				ORGANIZATIONNAME = "{ORGANIZATION_NAME}";
				TargetAttributes = {
					5C6442DE22C1CE1F00EDF4D7 = {
						CreatedOnToolsVersion = 10.2.1;
					};
				};
			};
			buildConfigurationList = 5C6442DA22C1CE1E00EDF4D7 /* Build configuration list for PBXProject "SwiftFramework" */;
			compatibilityVersion = "Xcode 9.3";
			developmentRegion = en;
			hasScannedForEncodings = 0;
			knownRegions = (
				en,
			);
			mainGroup = 5C6442D622C1CE1E00EDF4D7;
			productRefGroup = 5C6442E022C1CE1F00EDF4D7 /* Products */;
			projectDirPath = "";
			projectRoot = "";
			targets = (
				5C6442DE22C1CE1F00EDF4D7 /* SwiftFramework */,
			);
		};
/* End PBXProject section */

/* Begin PBXSourcesBuildPhase section */
		5C6442DB22C1CE1F00EDF4D7 /* Sources */ = {
			isa = PBXSourcesBuildPhase;
			buildActionMask = 2147483647;
			files = (
				5C6442F022C1CED100EDF4D7 /* Arguments.swift in Sources */,
				5C6442EF22C1CED100EDF4D7 /* StringReplacer.swift in Sources */,
				5C6442E322C1CE1F00EDF4D7 /* main.swift in Sources */,
				5C6442EE22C1CED100EDF4D7 /* Extensions.swift in Sources */,
				5C6442ED22C1CED100EDF4D7 /* Utils.swift in Sources */,
			);
			runOnlyForDeploymentPostprocessing = 0;
		};
/* End PBXSourcesBuildPhase section */

/* Begin XCBuildConfiguration section */
		5C6442E422C1CE1F00EDF4D7 /* Debug */ = {
			isa = XCBuildConfiguration;
			buildSettings = {
				ALWAYS_SEARCH_USER_PATHS = NO;
				CLANG_ANALYZER_NONNULL = YES;
				CLANG_ANALYZER_NUMBER_OBJECT_CONVERSION = YES_AGGRESSIVE;
				CLANG_CXX_LANGUAGE_STANDARD = "gnu++14";
				CLANG_CXX_LIBRARY = "libc++";
				CLANG_ENABLE_MODULES = YES;
				CLANG_ENABLE_OBJC_ARC = YES;
				CLANG_ENABLE_OBJC_WEAK = YES;
				CLANG_WARN_BLOCK_CAPTURE_AUTORELEASING = YES;
				CLANG_WARN_BOOL_CONVERSION = YES;
				CLANG_WARN_COMMA = YES;
				CLANG_WARN_CONSTANT_CONVERSION = YES;
				CLANG_WARN_DEPRECATED_OBJC_IMPLEMENTATIONS = YES;
				CLANG_WARN_DIRECT_OBJC_ISA_USAGE = YES_ERROR;
				CLANG_WARN_DOCUMENTATION_COMMENTS = YES;
				CLANG_WARN_EMPTY_BODY = YES;
				CLANG_WARN_ENUM_CONVERSION = YES;
				CLANG_WARN_INFINITE_RECURSION = YES;
				CLANG_WARN_INT_CONVERSION = YES;
				CLANG_WARN_NON_LITERAL_NULL_CONVERSION = YES;
				CLANG_WARN_OBJC_IMPLICIT_RETAIN_SELF = YES;
				CLANG_WARN_OBJC_LITERAL_CONVERSION = YES;
				CLANG_WARN_OBJC_ROOT_CLASS = YES_ERROR;
				CLANG_WARN_RANGE_LOOP_ANALYSIS = YES;
				CLANG_WARN_STRICT_PROTOTYPES = YES;
				CLANG_WARN_SUSPICIOUS_MOVE = YES;
				CLANG_WARN_UNGUARDED_AVAILABILITY = YES_AGGRESSIVE;
				CLANG_WARN_UNREACHABLE_CODE = YES;
				CLANG_WARN__DUPLICATE_METHOD_MATCH = YES;
				CODE_SIGN_IDENTITY = "-";
				COPY_PHASE_STRIP = NO;
				DEBUG_INFORMATION_FORMAT = dwarf;
				ENABLE_STRICT_OBJC_MSGSEND = YES;
				ENABLE_TESTABILITY = YES;
				GCC_C_LANGUAGE_STANDARD = gnu11;
				GCC_DYNAMIC_NO_PIC = NO;
				GCC_NO_COMMON_BLOCKS = YES;
				GCC_OPTIMIZATION_LEVEL = 0;
				GCC_PREPROCESSOR_DEFINITIONS = (
					"DEBUG=1",
					"$(inherited)",
				);
				GCC_WARN_64_TO_32_BIT_CONVERSION = YES;
				GCC_WARN_ABOUT_RETURN_TYPE = YES_ERROR;
				GCC_WARN_UNDECLARED_SELECTOR = YES;
				GCC_WARN_UNINITIALIZED_AUTOS = YES_AGGRESSIVE;
				GCC_WARN_UNUSED_FUNCTION = YES;
				GCC_WARN_UNUSED_VARIABLE = YES;
				MACOSX_DEPLOYMENT_TARGET = 10.14;
				MTL_ENABLE_DEBUG_INFO = INCLUDE_SOURCE;
				MTL_FAST_MATH = YES;
				ONLY_ACTIVE_ARCH = YES;
				SDKROOT = macosx;
				SWIFT_ACTIVE_COMPILATION_CONDITIONS = DEBUG;
				SWIFT_OPTIMIZATION_LEVEL = "-Onone";
			};
			name = Debug;
		};
		5C6442E522C1CE1F00EDF4D7 /* Release */ = {
			isa = XCBuildConfiguration;
			buildSettings = {
				ALWAYS_SEARCH_USER_PATHS = NO;
				CLANG_ANALYZER_NONNULL = YES;
				CLANG_ANALYZER_NUMBER_OBJECT_CONVERSION = YES_AGGRESSIVE;
				CLANG_CXX_LANGUAGE_STANDARD = "gnu++14";
				CLANG_CXX_LIBRARY = "libc++";
				CLANG_ENABLE_MODULES = YES;
				CLANG_ENABLE_OBJC_ARC = YES;
				CLANG_ENABLE_OBJC_WEAK = YES;
				CLANG_WARN_BLOCK_CAPTURE_AUTORELEASING = YES;
				CLANG_WARN_BOOL_CONVERSION = YES;
				CLANG_WARN_COMMA = YES;
				CLANG_WARN_CONSTANT_CONVERSION = YES;
				CLANG_WARN_DEPRECATED_OBJC_IMPLEMENTATIONS = YES;
				CLANG_WARN_DIRECT_OBJC_ISA_USAGE = YES_ERROR;
				CLANG_WARN_DOCUMENTATION_COMMENTS = YES;
				CLANG_WARN_EMPTY_BODY = YES;
				CLANG_WARN_ENUM_CONVERSION = YES;
				CLANG_WARN_INFINITE_RECURSION = YES;
				CLANG_WARN_INT_CONVERSION = YES;
				CLANG_WARN_NON_LITERAL_NULL_CONVERSION = YES;
				CLANG_WARN_OBJC_IMPLICIT_RETAIN_SELF = YES;
				CLANG_WARN_OBJC_LITERAL_CONVERSION = YES;
				CLANG_WARN_OBJC_ROOT_CLASS = YES_ERROR;
				CLANG_WARN_RANGE_LOOP_ANALYSIS = YES;
				CLANG_WARN_STRICT_PROTOTYPES = YES;
				CLANG_WARN_SUSPICIOUS_MOVE = YES;
				CLANG_WARN_UNGUARDED_AVAILABILITY = YES_AGGRESSIVE;
				CLANG_WARN_UNREACHABLE_CODE = YES;
				CLANG_WARN__DUPLICATE_METHOD_MATCH = YES;
				CODE_SIGN_IDENTITY = "-";
				COPY_PHASE_STRIP = NO;
				DEBUG_INFORMATION_FORMAT = "dwarf-with-dsym";
				ENABLE_NS_ASSERTIONS = NO;
				ENABLE_STRICT_OBJC_MSGSEND = YES;
				GCC_C_LANGUAGE_STANDARD = gnu11;
				GCC_NO_COMMON_BLOCKS = YES;
				GCC_WARN_64_TO_32_BIT_CONVERSION = YES;
				GCC_WARN_ABOUT_RETURN_TYPE = YES_ERROR;
				GCC_WARN_UNDECLARED_SELECTOR = YES;
				GCC_WARN_UNINITIALIZED_AUTOS = YES_AGGRESSIVE;
				GCC_WARN_UNUSED_FUNCTION = YES;
				GCC_WARN_UNUSED_VARIABLE = YES;
				MACOSX_DEPLOYMENT_TARGET = 10.14;
				MTL_ENABLE_DEBUG_INFO = NO;
				MTL_FAST_MATH = YES;
				SDKROOT = macosx;
				SWIFT_COMPILATION_MODE = wholemodule;
				SWIFT_OPTIMIZATION_LEVEL = "-O";
			};
			name = Release;
		};
		5C6442E722C1CE1F00EDF4D7 /* Debug */ = {
			isa = XCBuildConfiguration;
			buildSettings = {
				CODE_SIGN_STYLE = Automatic;
				PRODUCT_NAME = "$(TARGET_NAME)";
				SWIFT_VERSION = 5.0;
			};
			name = Debug;
		};
		5C6442E822C1CE1F00EDF4D7 /* Release */ = {
			isa = XCBuildConfiguration;
			buildSettings = {
				CODE_SIGN_STYLE = Automatic;
				PRODUCT_NAME = "$(TARGET_NAME)";
				SWIFT_VERSION = 5.0;
			};
			name = Release;
		};
/* End XCBuildConfiguration section */

/* Begin XCConfigurationList section */
		5C6442DA22C1CE1E00EDF4D7 /* Build configuration list for PBXProject "SwiftFramework" */ = {
			isa = XCConfigurationList;
			buildConfigurations = (
				5C6442E422C1CE1F00EDF4D7 /* Debug */,
				5C6442E522C1CE1F00EDF4D7 /* Release */,
			);
			defaultConfigurationIsVisible = 0;
			defaultConfigurationName = Release;
		};
		5C6442E622C1CE1F00EDF4D7 /* Build configuration list for PBXNativeTarget "SwiftFramework" */ = {
			isa = XCConfigurationList;
			buildConfigurations = (
				5C6442E722C1CE1F00EDF4D7 /* Debug */,
				5C6442E822C1CE1F00EDF4D7 /* Release */,
			);
			defaultConfigurationIsVisible = 0;
			defaultConfigurationName = Release;
		};
/* End XCConfigurationList section */
	};
	rootObject = 5C6442D722C1CE1E00EDF4D7 /* Project object */;
}
